
Microsoft Visual Studio Solution File, Format Version 12.00
# Visual Studio Version 17
VisualStudioVersion = 17.5.002.0
MinimumVisualStudioVersion = 10.0.40219.1
Project("{9A19103F-16F7-4668-BE54-9A1E7A4F7556}") = "ExercicioLinq", "ExercicioLinq.csproj", "{15A316E9-159C-4902-8762-98CEEF5D438F}"
EndProject
Global
	GlobalSection(SolutionConfigurationPlatforms) = preSolution
		Debug|Any CPU = Debug|Any CPU
		Release|Any CPU = Release|Any CPU
	EndGlobalSection
	GlobalSection(ProjectConfigurationPlatforms) = postSolution
		{15A316E9-159C-4902-8762-98CEEF5D438F}.Debug|Any CPU.ActiveCfg = Debug|Any CPU
		{15A316E9-159C-4902-8762-98CEEF5D438F}.Debug|Any CPU.Build.0 = Debug|Any CPU
		{15A316E9-159C-4902-8762-98CEEF5D438F}.Release|Any CPU.ActiveCfg = Release|Any CPU
		{15A316E9-159C-4902-8762-98CEEF5D438F}.Release|Any CPU.Build.0 = Release|Any CPU
	EndGlobalSection
	GlobalSection(SolutionProperties) = preSolution
		HideSolutionNode = FALSE
	EndGlobalSection
	GlobalSection(ExtensibilityGlobals) = postSolution
		SolutionGuid = {06AA0201-25EF-47A9-BC30-2D92C1578530}
	EndGlobalSection
EndGlobal
